<?xml version="1.0" encoding="utf-8"?>
<Project ToolsVersion="4.0" xmlns="http://schemas.microsoft.com/developer/msbuild/2003">
  <ItemGroup>
    <Filter Include="Game">
      <UniqueIdentifier>{4fd1bcb7-7b0c-4cd2-b7b6-046d6790f91f}</UniqueIdentifier>
    </Filter>
    <Filter Include="Engine">
      <UniqueIdentifier>{2fa55f2b-bcb2-4c55-91ad-b82259bc3d66}</UniqueIdentifier>
    </Filter>
    <Filter Include="OpenGL">
      <UniqueIdentifier>{05ece300-caf4-4813-9719-96c56446affa}</UniqueIdentifier>
    </Filter>
    <Filter Include="CS200">
      <UniqueIdentifier>{0fade2a6-96fa-4ce3-b109-a227f332cf2c}</UniqueIdentifier>
    </Filter>
    <Filter Include="OpenGL\Shaders">
      <UniqueIdentifier>{d9917324-0cb9-4836-a840-1efda0a77a6f}</UniqueIdentifier>
    </Filter>
  </ItemGroup>
  <ItemGroup>
    <ClCompile Include="main.cpp" />
    <ClCompile Include="Engine\Engine.cpp">
      <Filter>Engine</Filter>
    </ClCompile>
    <ClCompile Include="Game\Player.cpp">
      <Filter>Game</Filter>
    </ClCompile>
    <ClCompile Include="Engine\Vec2.cpp">
      <Filter>Engine</Filter>
    </ClCompile>
    <ClCompile Include="Engine\Matrix.cpp">
      <Filter>Engine</Filter>
    </ClCompile>
    <ClCompile Include="OpenGL\Shader.cpp">
      <Filter>OpenGL</Filter>
    </ClCompile>
    <ClCompile Include="Engine\Logger.cpp">
      <Filter>Engine</Filter>
    </ClCompile>
    <ClCompile Include="Engine\Window.cpp">
      <Filter>Engine</Filter>
    </ClCompile>
    <ClCompile Include="CS200\RenderingAPI.cpp">
      <Filter>CS200</Filter>
    </ClCompile>
    <ClCompile Include="Game\PulseManager.cpp">
      <Filter>Game</Filter>
    </ClCompile>
    <ClCompile Include="Game\PulseSource.cpp">
      <Filter>Game</Filter>
    </ClCompile>
    <ClCompile Include="Engine\GameStateManager.cpp">
      <Filter>Engine</Filter>
    </ClCompile>
    <ClCompile Include="Game\SplashState.cpp">
      <Filter>Game</Filter>
    </ClCompile>
    <ClCompile Include="Game\GameplayState.cpp">
      <Filter>Game</Filter>
    </ClCompile>
    <ClCompile Include="Game\Drone.cpp">
      <Filter>Game</Filter>
    </ClCompile>
    <ClCompile Include="Game\DroneManager.cpp">
      <Filter>Game</Filter>
    </ClCompile>
    <ClCompile Include="Game\PulseGauge.cpp">
      <Filter>Game</Filter>
    </ClCompile>
    <ClCompile Include="Engine\DebugRenderer.cpp">
      <Filter>Engine</Filter>
    </ClCompile>
    <ClCompile Include="Engine\Camera.cpp">
      <Filter>Engine</Filter>
    </ClCompile>
    <ClCompile Include="Game\Background.cpp">
      <Filter>Game</Filter>
    </ClCompile>
    <ClCompile Include="Game\Room.cpp">
      <Filter>Game</Filter>
    </ClCompile>
    <ClCompile Include="Engine\Collision.cpp">
      <Filter>Engine</Filter>
    </ClCompile>
    <ClCompile Include="Engine\Input.cpp">
      <Filter>Engine</Filter>
    </ClCompile>
    <ClCompile Include="Game\Font.cpp">
      <Filter>Game</Filter>
    </ClCompile>
    <ClCompile Include="Game\Setting.cpp">
      <Filter>Game</Filter>
    </ClCompile>
    <ClCompile Include="Game\Door.cpp">
      <Filter>Game</Filter>
    </ClCompile>
    <ClCompile Include="Game\Hallway.cpp">
      <Filter>Game</Filter>
    </ClCompile>
    <ClCompile Include="Game\TraceSystem.cpp">
      <Filter>Game</Filter>
    </ClCompile>
    <ClCompile Include="Game\Rooftop.cpp">
      <Filter>Game</Filter>
    </ClCompile>
    <ClCompile Include="Game\MainMenu.cpp">
      <Filter>Game</Filter>
    </ClCompile>
    <ClCompile Include="Game\GameOver.cpp">
      <Filter>Game</Filter>
    </ClCompile>
    <ClCompile Include="Game\Tutorial.cpp">
      <Filter>Game</Filter>
    </ClCompile>
    <ClCompile Include="Game\Underground.cpp">
      <Filter>Game</Filter>
    </ClCompile>
  </ItemGroup>
  <ItemGroup>
    <ClInclude Include="Engine\Engine.hpp">
      <Filter>Engine</Filter>
    </ClInclude>
    <ClInclude Include="Game\Player.hpp">
      <Filter>Game</Filter>
    </ClInclude>
    <ClInclude Include="Engine\Vec2.hpp">
      <Filter>Engine</Filter>
    </ClInclude>
    <ClInclude Include="Engine\Matrix.hpp">
      <Filter>Engine</Filter>
    </ClInclude>
    <ClInclude Include="OpenGL\Shader.hpp">
      <Filter>OpenGL</Filter>
    </ClInclude>
    <ClInclude Include="Engine\Logger.hpp">
      <Filter>Engine</Filter>
    </ClInclude>
    <ClInclude Include="Engine\Window.hpp">
      <Filter>Engine</Filter>
    </ClInclude>
    <ClInclude Include="CS200\RenderingAPI.hpp">
      <Filter>CS200</Filter>
    </ClInclude>
    <ClInclude Include="CS200\RGBA.hpp">
      <Filter>CS200</Filter>
    </ClInclude>
    <ClInclude Include="Game\PulseCore.hpp">
      <Filter>Game</Filter>
    </ClInclude>
    <ClInclude Include="Game\PulseManager.hpp">
      <Filter>Game</Filter>
    </ClInclude>
    <ClInclude Include="Game\PulseSource.hpp">
      <Filter>Game</Filter>
    </ClInclude>
    <ClInclude Include="Engine\GameState.hpp">
      <Filter>Engine</Filter>
    </ClInclude>
    <ClInclude Include="Engine\GameStateManager.hpp">
      <Filter>Engine</Filter>
    </ClInclude>
    <ClInclude Include="Game\SplashState.hpp">
      <Filter>Game</Filter>
    </ClInclude>
    <ClInclude Include="Game\GameplayState.hpp">
      <Filter>Game</Filter>
    </ClInclude>
    <ClInclude Include="Game\Drone.hpp">
      <Filter>Game</Filter>
    </ClInclude>
    <ClInclude Include="Game\DroneManager.hpp">
      <Filter>Game</Filter>
    </ClInclude>
    <ClInclude Include="Game\PulseGauge.hpp">
      <Filter>Game</Filter>
    </ClInclude>
    <ClInclude Include="Engine\DebugRenderer.hpp">
      <Filter>Engine</Filter>
    </ClInclude>
    <ClInclude Include="OpenGL\GLWrapper.hpp">
      <Filter>OpenGL</Filter>
    </ClInclude>
    <ClInclude Include="Engine\Camera.hpp">
      <Filter>Engine</Filter>
    </ClInclude>
    <ClInclude Include="Engine\Rect.hpp">
      <Filter>Engine</Filter>
    </ClInclude>
    <ClInclude Include="Game\Background.hpp">
      <Filter>Game</Filter>
    </ClInclude>
    <ClInclude Include="Game\Room.hpp">
      <Filter>Game</Filter>
    </ClInclude>
    <ClInclude Include="Engine\Collision.hpp">
      <Filter>Engine</Filter>
    </ClInclude>
    <ClInclude Include="Engine\Input.hpp">
      <Filter>Engine</Filter>
    </ClInclude>
    <ClInclude Include="Game\Font.hpp">
      <Filter>Game</Filter>
    </ClInclude>
    <ClInclude Include="Game\Setting.hpp">
      <Filter>Game</Filter>
    </ClInclude>
    <ClInclude Include="Game\Door.hpp">
      <Filter>Game</Filter>
    </ClInclude>
    <ClInclude Include="Game\Hallway.hpp">
      <Filter>Game</Filter>
    </ClInclude>
    <ClInclude Include="Game\TraceSystem.hpp">
      <Filter>Game</Filter>
    </ClInclude>
    <ClInclude Include="Game\Rooftop.hpp">
      <Filter>Game</Filter>
    </ClInclude>
    <ClInclude Include="Game\MainMenu.hpp">
      <Filter>Game</Filter>
    </ClInclude>
    <ClInclude Include="Game\GameOver.hpp">
      <Filter>Game</Filter>
    </ClInclude>
    <ClInclude Include="Game\Tutorial.hpp">
      <Filter>Game</Filter>
    </ClInclude>
    <ClInclude Include="Game\Underground.hpp">
      <Filter>Game</Filter>
    </ClInclude>
  </ItemGroup>
  <ItemGroup>
    <None Include="OpenGL\Shaders\simple.vert">
      <Filter>OpenGL\Shaders</Filter>
    </None>
    <None Include="OpenGL\Shaders\simple.frag">
      <Filter>OpenGL\Shaders</Filter>
    </None>
    <None Include="OpenGL\Shaders\solid_color.vert">
      <Filter>OpenGL\Shaders</Filter>
    </None>
    <None Include="OpenGL\Shaders\solid_color.frag">
      <Filter>OpenGL\Shaders</Filter>
    </None>
  </ItemGroup>
</Project>